// !$*UTF8*$!
{
	archiveVersion = 1;
	classes = {
	};
	objectVersion = 51;
	objects = {

/* Begin PBXBuildFile section */
		14E8F2C224ACB98100D17D2B /* AppDelegate.swift in Sources */ = {isa = PBXBuildFile; fileRef = 14E8F2C124ACB98100D17D2B /* AppDelegate.swift */; };
		14E8F2C424ACB98100D17D2B /* SceneDelegate.swift in Sources */ = {isa = PBXBuildFile; fileRef = 14E8F2C324ACB98100D17D2B /* SceneDelegate.swift */; };
		14E8F2CB24ACB98200D17D2B /* Assets.xcassets in Resources */ = {isa = PBXBuildFile; fileRef = 14E8F2CA24ACB98200D17D2B /* Assets.xcassets */; };
		14E8F2CE24ACB98200D17D2B /* LaunchScreen.storyboard in Resources */ = {isa = PBXBuildFile; fileRef = 14E8F2CC24ACB98200D17D2B /* LaunchScreen.storyboard */; };
		14E8F2DC24ACBE7300D17D2B /* MainViewController.swift in Sources */ = {isa = PBXBuildFile; fileRef = 14E8F2DB24ACBE7300D17D2B /* MainViewController.swift */; };
		14E8F2DF24ACC0CD00D17D2B /* MainConfigurator.swift in Sources */ = {isa = PBXBuildFile; fileRef = 14E8F2DE24ACC0CD00D17D2B /* MainConfigurator.swift */; };
		14E8F2E124ACC0E200D17D2B /* MainPresenter.swift in Sources */ = {isa = PBXBuildFile; fileRef = 14E8F2E024ACC0E200D17D2B /* MainPresenter.swift */; };
		14E8F2E324ACC11200D17D2B /* MainViewRouter.swift in Sources */ = {isa = PBXBuildFile; fileRef = 14E8F2E224ACC11200D17D2B /* MainViewRouter.swift */; };
		14E8F2E524ACC3D100D17D2B /* MainViewController.xib in Resources */ = {isa = PBXBuildFile; fileRef = 14E8F2E424ACC3D100D17D2B /* MainViewController.xib */; };
		14E8F2E724ACC42F00D17D2B /* Application.swift in Sources */ = {isa = PBXBuildFile; fileRef = 14E8F2E624ACC42F00D17D2B /* Application.swift */; };
		14E8F2EA24ACC53800D17D2B /* R.generated.swift in Sources */ = {isa = PBXBuildFile; fileRef = 14E8F2E924ACC53800D17D2B /* R.generated.swift */; };
		14E8F2ED24ACC65500D17D2B /* Navigation.storyboard in Resources */ = {isa = PBXBuildFile; fileRef = 14E8F2EC24ACC65500D17D2B /* Navigation.storyboard */; };
		4E5F770151719EF8F97F4EA0 /* Pods_GridAppTestTask.framework in Frameworks */ = {isa = PBXBuildFile; fileRef = DA87008445C2B2CAE82E313D /* Pods_GridAppTestTask.framework */; };
/* End PBXBuildFile section */

/* Begin PBXFileReference section */
		14E8F2BE24ACB98100D17D2B /* GridAppTestTask.app */ = {isa = PBXFileReference; explicitFileType = wrapper.application; includeInIndex = 0; path = GridAppTestTask.app; sourceTree = BUILT_PRODUCTS_DIR; };
		14E8F2C124ACB98100D17D2B /* AppDelegate.swift */ = {isa = PBXFileReference; lastKnownFileType = sourcecode.swift; path = AppDelegate.swift; sourceTree = "<group>"; };
		14E8F2C324ACB98100D17D2B /* SceneDelegate.swift */ = {isa = PBXFileReference; lastKnownFileType = sourcecode.swift; path = SceneDelegate.swift; sourceTree = "<group>"; };
		14E8F2CA24ACB98200D17D2B /* Assets.xcassets */ = {isa = PBXFileReference; lastKnownFileType = folder.assetcatalog; path = Assets.xcassets; sourceTree = "<group>"; };
		14E8F2CD24ACB98200D17D2B /* Base */ = {isa = PBXFileReference; lastKnownFileType = file.storyboard; name = Base; path = Base.lproj/LaunchScreen.storyboard; sourceTree = "<group>"; };
		14E8F2CF24ACB98200D17D2B /* Info.plist */ = {isa = PBXFileReference; lastKnownFileType = text.plist.xml; path = Info.plist; sourceTree = "<group>"; };
		14E8F2DB24ACBE7300D17D2B /* MainViewController.swift */ = {isa = PBXFileReference; lastKnownFileType = sourcecode.swift; path = MainViewController.swift; sourceTree = "<group>"; };
		14E8F2DE24ACC0CD00D17D2B /* MainConfigurator.swift */ = {isa = PBXFileReference; lastKnownFileType = sourcecode.swift; path = MainConfigurator.swift; sourceTree = "<group>"; };
		14E8F2E024ACC0E200D17D2B /* MainPresenter.swift */ = {isa = PBXFileReference; lastKnownFileType = sourcecode.swift; path = MainPresenter.swift; sourceTree = "<group>"; };
		14E8F2E224ACC11200D17D2B /* MainViewRouter.swift */ = {isa = PBXFileReference; lastKnownFileType = sourcecode.swift; path = MainViewRouter.swift; sourceTree = "<group>"; };
		14E8F2E424ACC3D100D17D2B /* MainViewController.xib */ = {isa = PBXFileReference; lastKnownFileType = file.xib; path = MainViewController.xib; sourceTree = "<group>"; };
		14E8F2E624ACC42F00D17D2B /* Application.swift */ = {isa = PBXFileReference; lastKnownFileType = sourcecode.swift; path = Application.swift; sourceTree = "<group>"; };
		14E8F2E924ACC53800D17D2B /* R.generated.swift */ = {isa = PBXFileReference; fileEncoding = 4; lastKnownFileType = sourcecode.swift; path = R.generated.swift; sourceTree = "<group>"; };
		14E8F2EC24ACC65500D17D2B /* Navigation.storyboard */ = {isa = PBXFileReference; lastKnownFileType = file.storyboard; path = Navigation.storyboard; sourceTree = "<group>"; };
		82ABF393614423F6EBBF77CD /* Pods-GridAppTestTask.release.xcconfig */ = {isa = PBXFileReference; includeInIndex = 1; lastKnownFileType = text.xcconfig; name = "Pods-GridAppTestTask.release.xcconfig"; path = "Target Support Files/Pods-GridAppTestTask/Pods-GridAppTestTask.release.xcconfig"; sourceTree = "<group>"; };
		ACF829691E768FE808F445B4 /* Pods-GridAppTestTask.debug.xcconfig */ = {isa = PBXFileReference; includeInIndex = 1; lastKnownFileType = text.xcconfig; name = "Pods-GridAppTestTask.debug.xcconfig"; path = "Target Support Files/Pods-GridAppTestTask/Pods-GridAppTestTask.debug.xcconfig"; sourceTree = "<group>"; };
		DA87008445C2B2CAE82E313D /* Pods_GridAppTestTask.framework */ = {isa = PBXFileReference; explicitFileType = wrapper.framework; includeInIndex = 0; path = Pods_GridAppTestTask.framework; sourceTree = BUILT_PRODUCTS_DIR; };
/* End PBXFileReference section */

/* Begin PBXFrameworksBuildPhase section */
		14E8F2BB24ACB98100D17D2B /* Frameworks */ = {
			isa = PBXFrameworksBuildPhase;
			buildActionMask = 2147483647;
			files = (
				4E5F770151719EF8F97F4EA0 /* Pods_GridAppTestTask.framework in Frameworks */,
			);
			runOnlyForDeploymentPostprocessing = 0;
		};
/* End PBXFrameworksBuildPhase section */

/* Begin PBXGroup section */
		14E8F2B524ACB98100D17D2B = {
			isa = PBXGroup;
			children = (
				14E8F2C024ACB98100D17D2B /* GridAppTestTask */,
				14E8F2BF24ACB98100D17D2B /* Products */,
				6496B833EFF5378C67287559 /* Pods */,
				59E9B932825CC593A654881B /* Frameworks */,
			);
			sourceTree = "<group>";
		};
		14E8F2BF24ACB98100D17D2B /* Products */ = {
			isa = PBXGroup;
			children = (
				14E8F2BE24ACB98100D17D2B /* GridAppTestTask.app */,
			);
			name = Products;
			sourceTree = "<group>";
		};
		14E8F2C024ACB98100D17D2B /* GridAppTestTask */ = {
			isa = PBXGroup;
			children = (
				14E8F2D624ACBE0B00D17D2B /* Application */,
				14E8F2D824ACBE2200D17D2B /* Resources */,
			);
			path = GridAppTestTask;
			sourceTree = "<group>";
		};
		14E8F2D624ACBE0B00D17D2B /* Application */ = {
			isa = PBXGroup;
			children = (
				14E8F2D724ACBE1100D17D2B /* App */,
				14E8F2D924ACBE4D00D17D2B /* Scenes */,
				14E8F2DD24ACC01E00D17D2B /* BuisnessLogic */,
			);
			path = Application;
			sourceTree = "<group>";
		};
		14E8F2D724ACBE1100D17D2B /* App */ = {
			isa = PBXGroup;
			children = (
				14E8F2C124ACB98100D17D2B /* AppDelegate.swift */,
				14E8F2C324ACB98100D17D2B /* SceneDelegate.swift */,
				14E8F2E624ACC42F00D17D2B /* Application.swift */,
			);
			path = App;
			sourceTree = "<group>";
		};
		14E8F2D824ACBE2200D17D2B /* Resources */ = {
			isa = PBXGroup;
			children = (
				14E8F2E924ACC53800D17D2B /* R.generated.swift */,
				14E8F2CA24ACB98200D17D2B /* Assets.xcassets */,
				14E8F2CC24ACB98200D17D2B /* LaunchScreen.storyboard */,
				14E8F2CF24ACB98200D17D2B /* Info.plist */,
			);
			path = Resources;
			sourceTree = "<group>";
		};
		14E8F2D924ACBE4D00D17D2B /* Scenes */ = {
			isa = PBXGroup;
			children = (
				14E8F2EB24ACC64C00D17D2B /* Navigation */,
				14E8F2DA24ACBE5700D17D2B /* Main */,
			);
			path = Scenes;
			sourceTree = "<group>";
		};
		14E8F2DA24ACBE5700D17D2B /* Main */ = {
			isa = PBXGroup;
			children = (
				14E8F2DB24ACBE7300D17D2B /* MainViewController.swift */,
				14E8F2DE24ACC0CD00D17D2B /* MainConfigurator.swift */,
				14E8F2E024ACC0E200D17D2B /* MainPresenter.swift */,
				14E8F2E224ACC11200D17D2B /* MainViewRouter.swift */,
				14E8F2E424ACC3D100D17D2B /* MainViewController.xib */,
			);
			path = Main;
			sourceTree = "<group>";
		};
		14E8F2DD24ACC01E00D17D2B /* BuisnessLogic */ = {
			isa = PBXGroup;
			children = (
			);
			path = BuisnessLogic;
			sourceTree = "<group>";
		};
		14E8F2EB24ACC64C00D17D2B /* Navigation */ = {
			isa = PBXGroup;
			children = (
				14E8F2EC24ACC65500D17D2B /* Navigation.storyboard */,
			);
			path = Navigation;
			sourceTree = "<group>";
		};
		59E9B932825CC593A654881B /* Frameworks */ = {
			isa = PBXGroup;
			children = (
				DA87008445C2B2CAE82E313D /* Pods_GridAppTestTask.framework */,
			);
			name = Frameworks;
			sourceTree = "<group>";
		};
		6496B833EFF5378C67287559 /* Pods */ = {
			isa = PBXGroup;
			children = (
				ACF829691E768FE808F445B4 /* Pods-GridAppTestTask.debug.xcconfig */,
				82ABF393614423F6EBBF77CD /* Pods-GridAppTestTask.release.xcconfig */,
			);
			path = Pods;
			sourceTree = "<group>";
		};
/* End PBXGroup section */

/* Begin PBXNativeTarget section */
		14E8F2BD24ACB98100D17D2B /* GridAppTestTask */ = {
			isa = PBXNativeTarget;
			buildConfigurationList = 14E8F2D224ACB98200D17D2B /* Build configuration list for PBXNativeTarget "GridAppTestTask" */;
			buildPhases = (
				90226C0DFCF36C547A5541A2 /* [CP] Check Pods Manifest.lock */,
				14E8F2E824ACC4BB00D17D2B /* R Generated */,
				14E8F2D524ACBB9900D17D2B /* SwiftLint */,
				14E8F2BA24ACB98100D17D2B /* Sources */,
				14E8F2BB24ACB98100D17D2B /* Frameworks */,
				14E8F2BC24ACB98100D17D2B /* Resources */,
				F7B8E0E52BC0E39D1C21BDDD /* [CP] Embed Pods Frameworks */,
			);
			buildRules = (
			);
			dependencies = (
			);
			name = GridAppTestTask;
			productName = GridAppTestTask;
			productReference = 14E8F2BE24ACB98100D17D2B /* GridAppTestTask.app */;
			productType = "com.apple.product-type.application";
		};
/* End PBXNativeTarget section */

/* Begin PBXProject section */
		14E8F2B624ACB98100D17D2B /* Project object */ = {
			isa = PBXProject;
			attributes = {
				LastSwiftUpdateCheck = 1150;
				LastUpgradeCheck = 1150;
				ORGANIZATIONNAME = Dev;
				TargetAttributes = {
					14E8F2BD24ACB98100D17D2B = {
						CreatedOnToolsVersion = 11.5;
					};
				};
			};
			buildConfigurationList = 14E8F2B924ACB98100D17D2B /* Build configuration list for PBXProject "GridAppTestTask" */;
			compatibilityVersion = "Xcode 9.3";
			developmentRegion = en;
			hasScannedForEncodings = 0;
			knownRegions = (
				en,
				Base,
			);
			mainGroup = 14E8F2B524ACB98100D17D2B;
			productRefGroup = 14E8F2BF24ACB98100D17D2B /* Products */;
			projectDirPath = "";
			projectRoot = "";
			targets = (
				14E8F2BD24ACB98100D17D2B /* GridAppTestTask */,
			);
		};
/* End PBXProject section */

/* Begin PBXResourcesBuildPhase section */
		14E8F2BC24ACB98100D17D2B /* Resources */ = {
			isa = PBXResourcesBuildPhase;
			buildActionMask = 2147483647;
			files = (
				14E8F2ED24ACC65500D17D2B /* Navigation.storyboard in Resources */,
				14E8F2CE24ACB98200D17D2B /* LaunchScreen.storyboard in Resources */,
				14E8F2CB24ACB98200D17D2B /* Assets.xcassets in Resources */,
				14E8F2E524ACC3D100D17D2B /* MainViewController.xib in Resources */,
			);
			runOnlyForDeploymentPostprocessing = 0;
		};
/* End PBXResourcesBuildPhase section */

/* Begin PBXShellScriptBuildPhase section */
		14E8F2D524ACBB9900D17D2B /* SwiftLint */ = {
			isa = PBXShellScriptBuildPhase;
			buildActionMask = 2147483647;
			files = (
			);
			inputFileListPaths = (
			);
			inputPaths = (
			);
			name = SwiftLint;
			outputFileListPaths = (
			);
			outputPaths = (
			);
			runOnlyForDeploymentPostprocessing = 0;
			shellPath = /bin/sh;
			shellScript = "\"${PODS_ROOT}/SwiftLint/swiftlint\" --config \"$SRCROOT/.swiftlint.yml\"\n";
		};
		14E8F2E824ACC4BB00D17D2B /* R Generated */ = {
			isa = PBXShellScriptBuildPhase;
			buildActionMask = 2147483647;
			files = (
			);
			inputFileListPaths = (
			);
			inputPaths = (
				"$TEMP_DIR/rswift-lastrun",
			);
			name = "R Generated";
			outputFileListPaths = (
			);
			outputPaths = (
				$SRCROOT/GridAppTestTask/Resources/R.generated.swift,
			);
			runOnlyForDeploymentPostprocessing = 0;
			shellPath = /bin/sh;
			shellScript = "\"$PODS_ROOT/R.swift/rswift\" generate \"$SRCROOT/GridAppTestTask/Resources/R.generated.swift\"\n";
		};
		90226C0DFCF36C547A5541A2 /* [CP] Check Pods Manifest.lock */ = {
			isa = PBXShellScriptBuildPhase;
			buildActionMask = 2147483647;
			files = (
			);
			inputFileListPaths = (
			);
			inputPaths = (
				"${PODS_PODFILE_DIR_PATH}/Podfile.lock",
				"${PODS_ROOT}/Manifest.lock",
			);
			name = "[CP] Check Pods Manifest.lock";
			outputFileListPaths = (
			);
			outputPaths = (
				"$(DERIVED_FILE_DIR)/Pods-GridAppTestTask-checkManifestLockResult.txt",
			);
			runOnlyForDeploymentPostprocessing = 0;
			shellPath = /bin/sh;
			shellScript = "diff \"${PODS_PODFILE_DIR_PATH}/Podfile.lock\" \"${PODS_ROOT}/Manifest.lock\" > /dev/null\nif [ $? != 0 ] ; then\n    # print error to STDERR\n    echo \"error: The sandbox is not in sync with the Podfile.lock. Run 'pod install' or update your CocoaPods installation.\" >&2\n    exit 1\nfi\n# This output is used by Xcode 'outputs' to avoid re-running this script phase.\necho \"SUCCESS\" > \"${SCRIPT_OUTPUT_FILE_0}\"\n";
			showEnvVarsInLog = 0;
		};
		F7B8E0E52BC0E39D1C21BDDD /* [CP] Embed Pods Frameworks */ = {
			isa = PBXShellScriptBuildPhase;
			buildActionMask = 2147483647;
			files = (
			);
			inputFileListPaths = (
				"${PODS_ROOT}/Target Support Files/Pods-GridAppTestTask/Pods-GridAppTestTask-frameworks-${CONFIGURATION}-input-files.xcfilelist",
			);
			name = "[CP] Embed Pods Frameworks";
			outputFileListPaths = (
				"${PODS_ROOT}/Target Support Files/Pods-GridAppTestTask/Pods-GridAppTestTask-frameworks-${CONFIGURATION}-output-files.xcfilelist",
			);
			runOnlyForDeploymentPostprocessing = 0;
			shellPath = /bin/sh;
			shellScript = "\"${PODS_ROOT}/Target Support Files/Pods-GridAppTestTask/Pods-GridAppTestTask-frameworks.sh\"\n";
			showEnvVarsInLog = 0;
		};
/* End PBXShellScriptBuildPhase section */

/* Begin PBXSourcesBuildPhase section */
		14E8F2BA24ACB98100D17D2B /* Sources */ = {
			isa = PBXSourcesBuildPhase;
			buildActionMask = 2147483647;
			files = (
				14E8F2E124ACC0E200D17D2B /* MainPresenter.swift in Sources */,
				14E8F2E724ACC42F00D17D2B /* Application.swift in Sources */,
				14E8F2DC24ACBE7300D17D2B /* MainViewController.swift in Sources */,
				14E8F2EA24ACC53800D17D2B /* R.generated.swift in Sources */,
				14E8F2DF24ACC0CD00D17D2B /* MainConfigurator.swift in Sources */,
				14E8F2C224ACB98100D17D2B /* AppDelegate.swift in Sources */,
				14E8F2E324ACC11200D17D2B /* MainViewRouter.swift in Sources */,
				14E8F2C424ACB98100D17D2B /* SceneDelegate.swift in Sources */,
			);
			runOnlyForDeploymentPostprocessing = 0;
		};
/* End PBXSourcesBuildPhase section */

/* Begin PBXVariantGroup section */
		14E8F2CC24ACB98200D17D2B /* LaunchScreen.storyboard */ = {
			isa = PBXVariantGroup;
			children = (
				14E8F2CD24ACB98200D17D2B /* Base */,
			);
			name = LaunchScreen.storyboard;
			sourceTree = "<group>";
		};
/* End PBXVariantGroup section */

/* Begin XCBuildConfiguration section */
		14E8F2D024ACB98200D17D2B /* Debug */ = {
			isa = XCBuildConfiguration;
			buildSettings = {
				ALWAYS_SEARCH_USER_PATHS = NO;
				CLANG_ANALYZER_NONNULL = YES;
				CLANG_ANALYZER_NUMBER_OBJECT_CONVERSION = YES_AGGRESSIVE;
				CLANG_CXX_LANGUAGE_STANDARD = "gnu++14";
				CLANG_CXX_LIBRARY = "libc++";
				CLANG_ENABLE_MODULES = YES;
				CLANG_ENABLE_OBJC_ARC = YES;
				CLANG_ENABLE_OBJC_WEAK = YES;
				CLANG_WARN_BLOCK_CAPTURE_AUTORELEASING = YES;
				CLANG_WARN_BOOL_CONVERSION = YES;
				CLANG_WARN_COMMA = YES;
				CLANG_WARN_CONSTANT_CONVERSION = YES;
				CLANG_WARN_DEPRECATED_OBJC_IMPLEMENTATIONS = YES;
				CLANG_WARN_DIRECT_OBJC_ISA_USAGE = YES_ERROR;
				CLANG_WARN_DOCUMENTATION_COMMENTS = YES;
				CLANG_WARN_EMPTY_BODY = YES;
				CLANG_WARN_ENUM_CONVERSION = YES;
				CLANG_WARN_INFINITE_RECURSION = YES;
				CLANG_WARN_INT_CONVERSION = YES;
				CLANG_WARN_NON_LITERAL_NULL_CONVERSION = YES;
				CLANG_WARN_OBJC_IMPLICIT_RETAIN_SELF = YES;
				CLANG_WARN_OBJC_LITERAL_CONVERSION = YES;
				CLANG_WARN_OBJC_ROOT_CLASS = YES_ERROR;
				CLANG_WARN_RANGE_LOOP_ANALYSIS = YES;
				CLANG_WARN_STRICT_PROTOTYPES = YES;
				CLANG_WARN_SUSPICIOUS_MOVE = YES;
				CLANG_WARN_UNGUARDED_AVAILABILITY = YES_AGGRESSIVE;
				CLANG_WARN_UNREACHABLE_CODE = YES;
				CLANG_WARN__DUPLICATE_METHOD_MATCH = YES;
				COPY_PHASE_STRIP = NO;
				DEBUG_INFORMATION_FORMAT = dwarf;
				ENABLE_STRICT_OBJC_MSGSEND = YES;
				ENABLE_TESTABILITY = YES;
				GCC_C_LANGUAGE_STANDARD = gnu11;
				GCC_DYNAMIC_NO_PIC = NO;
				GCC_NO_COMMON_BLOCKS = YES;
				GCC_OPTIMIZATION_LEVEL = 0;
				GCC_PREPROCESSOR_DEFINITIONS = (
					"DEBUG=1",
					"$(inherited)",
				);
				GCC_WARN_64_TO_32_BIT_CONVERSION = YES;
				GCC_WARN_ABOUT_RETURN_TYPE = YES_ERROR;
				GCC_WARN_UNDECLARED_SELECTOR = YES;
				GCC_WARN_UNINITIALIZED_AUTOS = YES_AGGRESSIVE;
				GCC_WARN_UNUSED_FUNCTION = YES;
				GCC_WARN_UNUSED_VARIABLE = YES;
				IPHONEOS_DEPLOYMENT_TARGET = 13.5;
				MTL_ENABLE_DEBUG_INFO = INCLUDE_SOURCE;
				MTL_FAST_MATH = YES;
				ONLY_ACTIVE_ARCH = YES;
				SDKROOT = iphoneos;
				SWIFT_ACTIVE_COMPILATION_CONDITIONS = DEBUG;
				SWIFT_OPTIMIZATION_LEVEL = "-Onone";
			};
			name = Debug;
		};
		14E8F2D124ACB98200D17D2B /* Release */ = {
			isa = XCBuildConfiguration;
			buildSettings = {
				ALWAYS_SEARCH_USER_PATHS = NO;
				CLANG_ANALYZER_NONNULL = YES;
				CLANG_ANALYZER_NUMBER_OBJECT_CONVERSION = YES_AGGRESSIVE;
				CLANG_CXX_LANGUAGE_STANDARD = "gnu++14";
				CLANG_CXX_LIBRARY = "libc++";
				CLANG_ENABLE_MODULES = YES;
				CLANG_ENABLE_OBJC_ARC = YES;
				CLANG_ENABLE_OBJC_WEAK = YES;
				CLANG_WARN_BLOCK_CAPTURE_AUTORELEASING = YES;
				CLANG_WARN_BOOL_CONVERSION = YES;
				CLANG_WARN_COMMA = YES;
				CLANG_WARN_CONSTANT_CONVERSION = YES;
				CLANG_WARN_DEPRECATED_OBJC_IMPLEMENTATIONS = YES;
				CLANG_WARN_DIRECT_OBJC_ISA_USAGE = YES_ERROR;
				CLANG_WARN_DOCUMENTATION_COMMENTS = YES;
				CLANG_WARN_EMPTY_BODY = YES;
				CLANG_WARN_ENUM_CONVERSION = YES;
				CLANG_WARN_INFINITE_RECURSION = YES;
				CLANG_WARN_INT_CONVERSION = YES;
				CLANG_WARN_NON_LITERAL_NULL_CONVERSION = YES;
				CLANG_WARN_OBJC_IMPLICIT_RETAIN_SELF = YES;
				CLANG_WARN_OBJC_LITERAL_CONVERSION = YES;
				CLANG_WARN_OBJC_ROOT_CLASS = YES_ERROR;
				CLANG_WARN_RANGE_LOOP_ANALYSIS = YES;
				CLANG_WARN_STRICT_PROTOTYPES = YES;
				CLANG_WARN_SUSPICIOUS_MOVE = YES;
				CLANG_WARN_UNGUARDED_AVAILABILITY = YES_AGGRESSIVE;
				CLANG_WARN_UNREACHABLE_CODE = YES;
				CLANG_WARN__DUPLICATE_METHOD_MATCH = YES;
				COPY_PHASE_STRIP = NO;
				DEBUG_INFORMATION_FORMAT = "dwarf-with-dsym";
				ENABLE_NS_ASSERTIONS = NO;
				ENABLE_STRICT_OBJC_MSGSEND = YES;
				GCC_C_LANGUAGE_STANDARD = gnu11;
				GCC_NO_COMMON_BLOCKS = YES;
				GCC_WARN_64_TO_32_BIT_CONVERSION = YES;
				GCC_WARN_ABOUT_RETURN_TYPE = YES_ERROR;
				GCC_WARN_UNDECLARED_SELECTOR = YES;
				GCC_WARN_UNINITIALIZED_AUTOS = YES_AGGRESSIVE;
				GCC_WARN_UNUSED_FUNCTION = YES;
				GCC_WARN_UNUSED_VARIABLE = YES;
				IPHONEOS_DEPLOYMENT_TARGET = 13.5;
				MTL_ENABLE_DEBUG_INFO = NO;
				MTL_FAST_MATH = YES;
				SDKROOT = iphoneos;
				SWIFT_COMPILATION_MODE = wholemodule;
				SWIFT_OPTIMIZATION_LEVEL = "-O";
				VALIDATE_PRODUCT = YES;
			};
			name = Release;
		};
		14E8F2D324ACB98200D17D2B /* Debug */ = {
			isa = XCBuildConfiguration;
			baseConfigurationReference = ACF829691E768FE808F445B4 /* Pods-GridAppTestTask.debug.xcconfig */;
			buildSettings = {
				ASSETCATALOG_COMPILER_APPICON_NAME = AppIcon;
				CODE_SIGN_STYLE = Automatic;
				DEVELOPMENT_TEAM = 37APR7NT5C;
				INFOPLIST_FILE = "$(SRCROOT)/GridAppTestTask/Resources/Info.plist";
				IPHONEOS_DEPLOYMENT_TARGET = 11.0;
				LD_RUNPATH_SEARCH_PATHS = (
					"$(inherited)",
					"@executable_path/Frameworks",
				);
				PRODUCT_BUNDLE_IDENTIFIER = com.GridAppTestTask;
				PRODUCT_NAME = "$(TARGET_NAME)";
				SWIFT_VERSION = 5.0;
				TARGETED_DEVICE_FAMILY = "1,2";
			};
			name = Debug;
		};
		14E8F2D424ACB98200D17D2B /* Release */ = {
			isa = XCBuildConfiguration;
			baseConfigurationReference = 82ABF393614423F6EBBF77CD /* Pods-GridAppTestTask.release.xcconfig */;
			buildSettings = {
				ASSETCATALOG_COMPILER_APPICON_NAME = AppIcon;
				CODE_SIGN_STYLE = Automatic;
				DEVELOPMENT_TEAM = 37APR7NT5C;
				INFOPLIST_FILE = "$(SRCROOT)/GridAppTestTask/Resources/Info.plist";
				IPHONEOS_DEPLOYMENT_TARGET = 11.0;
				LD_RUNPATH_SEARCH_PATHS = (
					"$(inherited)",
					"@executable_path/Frameworks",
				);
				PRODUCT_BUNDLE_IDENTIFIER = com.GridAppTestTask;
				PRODUCT_NAME = "$(TARGET_NAME)";
				SWIFT_VERSION = 5.0;
				TARGETED_DEVICE_FAMILY = "1,2";
			};
			name = Release;
		};
/* End XCBuildConfiguration section */

/* Begin XCConfigurationList section */
		14E8F2B924ACB98100D17D2B /* Build configuration list for PBXProject "GridAppTestTask" */ = {
			isa = XCConfigurationList;
			buildConfigurations = (
				14E8F2D024ACB98200D17D2B /* Debug */,
				14E8F2D124ACB98200D17D2B /* Release */,
			);
			defaultConfigurationIsVisible = 0;
			defaultConfigurationName = Release;
		};
		14E8F2D224ACB98200D17D2B /* Build configuration list for PBXNativeTarget "GridAppTestTask" */ = {
			isa = XCConfigurationList;
			buildConfigurations = (
				14E8F2D324ACB98200D17D2B /* Debug */,
				14E8F2D424ACB98200D17D2B /* Release */,
			);
			defaultConfigurationIsVisible = 0;
			defaultConfigurationName = Release;
		};
/* End XCConfigurationList section */
	};
	rootObject = 14E8F2B624ACB98100D17D2B /* Project object */;
}
